
Microsoft Visual Studio Solution File, Format Version 11.00
# Visual Basic Express 2010
Project("{F184B08F-C81C-45F6-A57F-5ABD9991F28F}") = "Translation Tool", "Translation Tool.vbproj", "{E1B3E6EC-0086-4CDF-B957-1EC822DE7685}"
EndProject
Global
	GlobalSection(SolutionConfigurationPlatforms) = preSolution
		Debug|x86 = Debug|x86
		Release|x86 = Release|x86
	EndGlobalSection
	GlobalSection(ProjectConfigurationPlatforms) = postSolution
		{E1B3E6EC-0086-4CDF-B957-1EC822DE7685}.Debug|x86.ActiveCfg = Debug|x86
		{E1B3E6EC-0086-4CDF-B957-1EC822DE7685}.Debug|x86.Build.0 = Debug|x86
		{E1B3E6EC-0086-4CDF-B957-1EC822DE7685}.Release|x86.ActiveCfg = Release|x86
		{E1B3E6EC-0086-4CDF-B957-1EC822DE7685}.Release|x86.Build.0 = Release|x86
	EndGlobalSection
	GlobalSection(SolutionProperties) = preSolution
		HideSolutionNode = FALSE
	EndGlobalSection
EndGlobal
